DEPENDENCIES
  apt
    git: https://github.com/opscode-cookbooks/apt.git
    revision: b40c122e82edbc998f95a2fefd88c619af441b86
  hadoop
    git: https://github.com/avaus/hadoop-cookbook.git
    revision: 83d3a9b3dbbfc543900efc020b9f775891f72679
  hive
    git: https://github.com/avaus/hive-cookbook.git
    revision: 02ea5b7fccd052280c60224a7221d02a87b1755a
  hue
    git: https://github.com/avaus/hue-cookbook.git
    revision: 39e26614ed3b325c47753215fedcd1d416747939
  java
    git: https://github.com/socrata-cookbooks/java.git
    revision: 896315a066f1b0d19be457b6d2700f0fd6d0083b
  mahout
    git: http://gitlab.avaus.fi/avaus-chef/mahout-cookbook.git
    revision: bf58ba0630236082cf2b59bc2619b8f4f11a066f
  maven
    git: https://github.com/opscode-cookbooks/maven.git
    revision: 544ad33665b543f3be92cbff20463bb522ffac97
  mesos
    git: https://github.com/mdsol/mesos_cookbook.git
    revision: 778abc3c4b2f6da8a168bb3afc3d6e3c46e8fce6
  zookeeper
    git: https://github.com/SimpleFinance/chef-zookeeper.git
    revision: dccd33cd2c276be6384e413eee3421ee4a2bf66b

GRAPH
  7-zip (1.0.2)
    windows (>= 1.2.2)
  apache2 (1.11.0)
    freebsd (>= 0.0.0)
    iptables (>= 0.0.0)
    logrotate (>= 0.0.0)
    pacman (>= 0.0.0)
  apt (2.6.0)
  ark (0.9.0)
    7-zip (>= 0.0.0)
    windows (>= 0.0.0)
  aufs (0.1.1)
    apt (>= 0.0.0)
    modules (>= 0.0.0)
  build-essential (2.0.6)
  chef_handler (1.1.6)
  device-mapper (0.1.0)
    apt (>= 0.0.0)
    modules (>= 0.0.0)
  dmg (2.2.0)
  docker (0.35.2)
    apt (>= 0.0.0)
    aufs (>= 0.1.1)
    device-mapper (>= 0.1.0)
    git (>= 0.0.0)
    golang (>= 0.0.0)
    homebrew (>= 0.0.0)
    iptables (>= 0.0.0)
    lxc (>= 1.1.6)
    modules (>= 0.0.0)
    runit (>= 0.0.0)
    sysctl (>= 0.0.0)
    yum-epel (>= 0.0.0)
  dpkg_autostart (0.1.12)
  freebsd (0.1.10)
  git (4.0.2)
    build-essential (>= 0.0.0)
    dmg (>= 0.0.0)
    runit (>= 1.0.0)
    windows (>= 0.0.0)
    yum (~> 3.0)
    yum-epel (>= 0.0.0)
  golang (1.4.0)
  hadoop (0.1.0)
    apt (>= 0.0.0)
    ark (>= 0.0.0)
    java (>= 0.0.0)
  hive (0.1.0)
    apt (>= 0.0.0)
    ark (>= 0.0.0)
    hadoop (>= 0.0.0)
  homebrew (1.9.0)
  hue (0.1.0)
    apt (>= 0.0.0)
    git (>= 0.0.0)
    java (>= 0.0.0)
    maven (>= 0.0.0)
  iptables (0.14.0)
  iptables-ng (2.2.0)
  java (1.28.0)
  logrotate (1.7.0)
  lxc (2.0.0)
    dpkg_autostart (>= 0.1.10)
    iptables-ng (>= 0.0.0)
    polipo (>= 0.0.0)
  mahout (0.1.0)
    apt (>= 0.0.0)
    ark (>= 0.0.0)
    java (>= 0.0.0)
    maven (>= 0.0.0)
    subversion (>= 0.0.0)
  maven (1.1.1)
    ark (~> 0.4)
    java (~> 1.13)
  mesos (1.0.6)
    apt (>= 0.0.0)
    docker (>= 0.0.0)
    java (>= 0.0.0)
    yum (~> 3.0)
    zookeeper (>= 0.0.0)
  modules (0.2.0)
  ohai (2.0.1)
  pacman (1.1.1)
  polipo (0.1.0)
  runit (1.5.10)
    build-essential (>= 0.0.0)
    yum (~> 3.0)
    yum-epel (>= 0.0.0)
  subversion (1.1.2)
    apache2 (~> 1.7)
    windows (~> 1.10)
  sysctl (0.6.0)
    ohai (>= 0.0.0)
  windows (1.34.6)
    chef_handler (>= 0.0.0)
  yum (3.3.2)
  yum-epel (0.5.1)
    yum (~> 3.0)
  zookeeper (2.4.3)
    build-essential (>= 2.0.2)
    java (>= 0.0.0)
    runit (>= 0.0.0)
